
Microsoft Visual Studio Solution File, Format Version 12.00
# Visual Studio 14
VisualStudioVersion = 14.0.25123.0
MinimumVisualStudioVersion = 10.0.40219.1
Project("{FAE04EC0-301F-11D3-BF4B-00C04F79EFBC}") = "CRM.Web", "CRM.Web\CRM.Web.csproj", "{2875B897-BF25-4772-A9FE-676563A46982}"
EndProject
Project("{FAE04EC0-301F-11D3-BF4B-00C04F79EFBC}") = "CRM.Entity", "CRM.Entity\CRM.Entity.csproj", "{A4AD640C-C892-4E59-9C07-562B5014B2EB}"
EndProject
Project("{FAE04EC0-301F-11D3-BF4B-00C04F79EFBC}") = "CRM.Data", "CRM.Data\CRM.Data.csproj", "{C381ECE0-AFFB-48B2-8E24-E55CF14F6D71}"
EndProject
Project("{FAE04EC0-301F-11D3-BF4B-00C04F79EFBC}") = "CRM.Service", "CRM.Service\CRM.Service.csproj", "{15CFAE39-F92F-4E48-BB5C-A7B9B53138F5}"
EndProject
Global
	GlobalSection(SolutionConfigurationPlatforms) = preSolution
		Debug|Any CPU = Debug|Any CPU
		Release|Any CPU = Release|Any CPU
	EndGlobalSection
	GlobalSection(ProjectConfigurationPlatforms) = postSolution
		{2875B897-BF25-4772-A9FE-676563A46982}.Debug|Any CPU.ActiveCfg = Debug|Any CPU
		{2875B897-BF25-4772-A9FE-676563A46982}.Debug|Any CPU.Build.0 = Debug|Any CPU
		{2875B897-BF25-4772-A9FE-676563A46982}.Release|Any CPU.ActiveCfg = Release|Any CPU
		{2875B897-BF25-4772-A9FE-676563A46982}.Release|Any CPU.Build.0 = Release|Any CPU
		{A4AD640C-C892-4E59-9C07-562B5014B2EB}.Debug|Any CPU.ActiveCfg = Debug|Any CPU
		{A4AD640C-C892-4E59-9C07-562B5014B2EB}.Debug|Any CPU.Build.0 = Debug|Any CPU
		{A4AD640C-C892-4E59-9C07-562B5014B2EB}.Release|Any CPU.ActiveCfg = Release|Any CPU
		{A4AD640C-C892-4E59-9C07-562B5014B2EB}.Release|Any CPU.Build.0 = Release|Any CPU
		{C381ECE0-AFFB-48B2-8E24-E55CF14F6D71}.Debug|Any CPU.ActiveCfg = Debug|Any CPU
		{C381ECE0-AFFB-48B2-8E24-E55CF14F6D71}.Debug|Any CPU.Build.0 = Debug|Any CPU
		{C381ECE0-AFFB-48B2-8E24-E55CF14F6D71}.Release|Any CPU.ActiveCfg = Release|Any CPU
		{C381ECE0-AFFB-48B2-8E24-E55CF14F6D71}.Release|Any CPU.Build.0 = Release|Any CPU
		{15CFAE39-F92F-4E48-BB5C-A7B9B53138F5}.Debug|Any CPU.ActiveCfg = Debug|Any CPU
		{15CFAE39-F92F-4E48-BB5C-A7B9B53138F5}.Debug|Any CPU.Build.0 = Debug|Any CPU
		{15CFAE39-F92F-4E48-BB5C-A7B9B53138F5}.Release|Any CPU.ActiveCfg = Release|Any CPU
		{15CFAE39-F92F-4E48-BB5C-A7B9B53138F5}.Release|Any CPU.Build.0 = Release|Any CPU
	EndGlobalSection
	GlobalSection(SolutionProperties) = preSolution
		HideSolutionNode = FALSE
	EndGlobalSection
EndGlobal
